
Microsoft Visual Studio Solution File, Format Version 12.00
# Visual Studio Version 17
VisualStudioVersion = 17.5.33502.453
MinimumVisualStudioVersion = 10.0.40219.1
Project("{FAE04EC0-301F-11D3-BF4B-00C04F79EFBC}") = "examRevision", "examRevision.csproj", "{F0A79391-7729-4FCF-956B-888586A40DA4}"
EndProject
Global
	GlobalSection(SolutionConfigurationPlatforms) = preSolution
		Debug|Any CPU = Debug|Any CPU
		Release|Any CPU = Release|Any CPU
	EndGlobalSection
	GlobalSection(ProjectConfigurationPlatforms) = postSolution
		{F0A79391-7729-4FCF-956B-888586A40DA4}.Debug|Any CPU.ActiveCfg = Debug|Any CPU
		{F0A79391-7729-4FCF-956B-888586A40DA4}.Debug|Any CPU.Build.0 = Debug|Any CPU
		{F0A79391-7729-4FCF-956B-888586A40DA4}.Release|Any CPU.ActiveCfg = Release|Any CPU
		{F0A79391-7729-4FCF-956B-888586A40DA4}.Release|Any CPU.Build.0 = Release|Any CPU
	EndGlobalSection
	GlobalSection(SolutionProperties) = preSolution
		HideSolutionNode = FALSE
	EndGlobalSection
	GlobalSection(ExtensibilityGlobals) = postSolution
		SolutionGuid = {928760F7-062F-45FD-A226-CDF6613AAEFB}
	EndGlobalSection
EndGlobal
